
Microsoft Visual Studio Solution File, Format Version 12.00
# Visual Studio Version 16
VisualStudioVersion = 16.0.31424.327
MinimumVisualStudioVersion = 10.0.40219.1
Project("{FAE04EC0-301F-11D3-BF4B-00C04F79EFBC}") = "Math quiz", "Math quiz\Math quiz.csproj", "{E2D5D599-6660-41A1-8B2C-8B6EBC5F42F4}"
EndProject
Global
	GlobalSection(SolutionConfigurationPlatforms) = preSolution
		Debug|Any CPU = Debug|Any CPU
		Release|Any CPU = Release|Any CPU
	EndGlobalSection
	GlobalSection(ProjectConfigurationPlatforms) = postSolution
		{E2D5D599-6660-41A1-8B2C-8B6EBC5F42F4}.Debug|Any CPU.ActiveCfg = Debug|Any CPU
		{E2D5D599-6660-41A1-8B2C-8B6EBC5F42F4}.Debug|Any CPU.Build.0 = Debug|Any CPU
		{E2D5D599-6660-41A1-8B2C-8B6EBC5F42F4}.Release|Any CPU.ActiveCfg = Release|Any CPU
		{E2D5D599-6660-41A1-8B2C-8B6EBC5F42F4}.Release|Any CPU.Build.0 = Release|Any CPU
	EndGlobalSection
	GlobalSection(SolutionProperties) = preSolution
		HideSolutionNode = FALSE
	EndGlobalSection
	GlobalSection(ExtensibilityGlobals) = postSolution
		SolutionGuid = {4856C17F-2D06-4643-912D-C8D516BE4B80}
	EndGlobalSection
EndGlobal
